
Microsoft Visual Studio Solution File, Format Version 12.00
# Visual Studio 15
VisualStudioVersion = 15.0.27004.2002
MinimumVisualStudioVersion = 10.0.40219.1
Project("{FAE04EC0-301F-11D3-BF4B-00C04F79EFBC}") = "Mix-Custom", "Mix-Custom\Mix-Custom.csproj", "{AF5DF2BF-A09B-492A-B188-867F030C5212}"
EndProject
Global
	GlobalSection(SolutionConfigurationPlatforms) = preSolution
		Debug|Any CPU = Debug|Any CPU
		Release|Any CPU = Release|Any CPU
	EndGlobalSection
	GlobalSection(ProjectConfigurationPlatforms) = postSolution
		{AF5DF2BF-A09B-492A-B188-867F030C5212}.Debug|Any CPU.ActiveCfg = Debug|Any CPU
		{AF5DF2BF-A09B-492A-B188-867F030C5212}.Debug|Any CPU.Build.0 = Debug|Any CPU
		{AF5DF2BF-A09B-492A-B188-867F030C5212}.Release|Any CPU.ActiveCfg = Release|Any CPU
		{AF5DF2BF-A09B-492A-B188-867F030C5212}.Release|Any CPU.Build.0 = Release|Any CPU
	EndGlobalSection
	GlobalSection(SolutionProperties) = preSolution
		HideSolutionNode = FALSE
	EndGlobalSection
	GlobalSection(ExtensibilityGlobals) = postSolution
		SolutionGuid = {0A949BB8-40B3-4533-86C2-A805C7DEC126}
	EndGlobalSection
EndGlobal
